{
  "requires": true,
  "lockfileVersion": 1,
  "dependencies": {
    "@types/prop-types": {
      "version": "15.5.6",
      "resolved": "http://registry.npm.taobao.org/@types/prop-types/download/@types/prop-types-15.5.6.tgz",
      "integrity": "sha1-nAPT/tcKjVF8GRt3NNooebUMomw="
    },
    "@types/react": {
      "version": "16.7.11",
      "resolved": "http://registry.npm.taobao.org/@types/react/download/@types/react-16.7.11.tgz",
      "integrity": "sha1-F0O4LqagxllGfwxzF8Iz7bHxC+k=",
      "requires": {
        "@types/prop-types": "15.5.6",
        "csstype": "2.5.8"
      }
    },
    "@types/react-image-crop": {
      "version": "3.0.1",
      "resolved": "http://registry.npm.taobao.org/@types/react-image-crop/download/@types/react-image-crop-3.0.1.tgz",
      "integrity": "sha1-uTd8Rp5VhvIlPeUa+MmZQGqabaA=",
      "requires": {
        "@types/react": "16.7.11"
      }
    },
    "csstype": {
      "version": "2.5.8",
      "resolved": "http://registry.npm.taobao.org/csstype/download/csstype-2.5.8.tgz",
      "integrity": "sha1-TOWqFuoNVi75EF+jriZ28ZlYajU="
    },
    "react-image-crop": {
      "version": "6.0.9",
      "resolved": "http://registry.npm.taobao.org/react-image-crop/download/react-image-crop-6.0.9.tgz",
      "integrity": "sha1-XpSc9lA/ZYGa/kT8XH/7PWF7pJk=",
      "requires": {
        "@types/react-image-crop": "3.0.1"
      }
    }
  }
}
